
Microsoft Visual Studio Solution File, Format Version 12.00
# Visual Studio Version 16
VisualStudioVersion = 16.0.31112.23
MinimumVisualStudioVersion = 10.0.40219.1
Project("{FAE04EC0-301F-11D3-BF4B-00C04F79EFBC}") = "Task08", "Task08.csproj", "{7A0C3B14-8B60-40E3-A661-C22BE294DC6C}"
EndProject
Project("{FAE04EC0-301F-11D3-BF4B-00C04F79EFBC}") = "TestProjectTask08", "..\TestProjectTask08\TestProjectTask08.csproj", "{CFA5192E-F454-4C2C-A59D-52039D5AABF2}"
EndProject
Global
	GlobalSection(SolutionConfigurationPlatforms) = preSolution
		Debug|Any CPU = Debug|Any CPU
		Release|Any CPU = Release|Any CPU
	EndGlobalSection
	GlobalSection(ProjectConfigurationPlatforms) = postSolution
		{7A0C3B14-8B60-40E3-A661-C22BE294DC6C}.Debug|Any CPU.ActiveCfg = Debug|Any CPU
		{7A0C3B14-8B60-40E3-A661-C22BE294DC6C}.Debug|Any CPU.Build.0 = Debug|Any CPU
		{7A0C3B14-8B60-40E3-A661-C22BE294DC6C}.Release|Any CPU.ActiveCfg = Release|Any CPU
		{7A0C3B14-8B60-40E3-A661-C22BE294DC6C}.Release|Any CPU.Build.0 = Release|Any CPU
		{CFA5192E-F454-4C2C-A59D-52039D5AABF2}.Debug|Any CPU.ActiveCfg = Debug|Any CPU
		{CFA5192E-F454-4C2C-A59D-52039D5AABF2}.Debug|Any CPU.Build.0 = Debug|Any CPU
		{CFA5192E-F454-4C2C-A59D-52039D5AABF2}.Release|Any CPU.ActiveCfg = Release|Any CPU
		{CFA5192E-F454-4C2C-A59D-52039D5AABF2}.Release|Any CPU.Build.0 = Release|Any CPU
	EndGlobalSection
	GlobalSection(SolutionProperties) = preSolution
		HideSolutionNode = FALSE
	EndGlobalSection
	GlobalSection(ExtensibilityGlobals) = postSolution
		SolutionGuid = {9487C73B-A2BA-402C-8DAF-CE20CB21FAD6}
	EndGlobalSection
EndGlobal
