
Microsoft Visual Studio Solution File, Format Version 12.00
# Visual Studio Version 16
VisualStudioVersion = 16.0.31112.23
MinimumVisualStudioVersion = 10.0.40219.1
Project("{FAE04EC0-301F-11D3-BF4B-00C04F79EFBC}") = "Task04", "Task04.csproj", "{636192F5-13DD-4130-9B15-2E63C10033A5}"
EndProject
Project("{FAE04EC0-301F-11D3-BF4B-00C04F79EFBC}") = "TestProjectTask04", "..\TestProjectTask04\TestProjectTask04.csproj", "{51E4FA99-1620-48F8-BAD6-C4CDF8486BC7}"
EndProject
Global
	GlobalSection(SolutionConfigurationPlatforms) = preSolution
		Debug|Any CPU = Debug|Any CPU
		Release|Any CPU = Release|Any CPU
	EndGlobalSection
	GlobalSection(ProjectConfigurationPlatforms) = postSolution
		{636192F5-13DD-4130-9B15-2E63C10033A5}.Debug|Any CPU.ActiveCfg = Debug|Any CPU
		{636192F5-13DD-4130-9B15-2E63C10033A5}.Debug|Any CPU.Build.0 = Debug|Any CPU
		{636192F5-13DD-4130-9B15-2E63C10033A5}.Release|Any CPU.ActiveCfg = Release|Any CPU
		{636192F5-13DD-4130-9B15-2E63C10033A5}.Release|Any CPU.Build.0 = Release|Any CPU
		{51E4FA99-1620-48F8-BAD6-C4CDF8486BC7}.Debug|Any CPU.ActiveCfg = Debug|Any CPU
		{51E4FA99-1620-48F8-BAD6-C4CDF8486BC7}.Debug|Any CPU.Build.0 = Debug|Any CPU
		{51E4FA99-1620-48F8-BAD6-C4CDF8486BC7}.Release|Any CPU.ActiveCfg = Release|Any CPU
		{51E4FA99-1620-48F8-BAD6-C4CDF8486BC7}.Release|Any CPU.Build.0 = Release|Any CPU
	EndGlobalSection
	GlobalSection(SolutionProperties) = preSolution
		HideSolutionNode = FALSE
	EndGlobalSection
	GlobalSection(ExtensibilityGlobals) = postSolution
		SolutionGuid = {3490978F-7363-4BA2-84B1-9D0938C5782A}
	EndGlobalSection
EndGlobal
