
Microsoft Visual Studio Solution File, Format Version 12.00
# Visual Studio Version 16
VisualStudioVersion = 16.0.31112.23
MinimumVisualStudioVersion = 10.0.40219.1
Project("{9A19103F-16F7-4668-BE54-9A1E7A4F7556}") = "Task05", "Task05\Task05.csproj", "{D344B3E9-D791-4C64-90F6-202357DC0DBB}"
EndProject
Project("{9A19103F-16F7-4668-BE54-9A1E7A4F7556}") = "TestProjectTask05", "TestProjectTask05\TestProjectTask05.csproj", "{8FD076F9-5C1C-4609-A684-AB461ADCA7D9}"
EndProject
Global
	GlobalSection(SolutionConfigurationPlatforms) = preSolution
		Debug|Any CPU = Debug|Any CPU
		Release|Any CPU = Release|Any CPU
	EndGlobalSection
	GlobalSection(ProjectConfigurationPlatforms) = postSolution
		{D344B3E9-D791-4C64-90F6-202357DC0DBB}.Debug|Any CPU.ActiveCfg = Debug|Any CPU
		{D344B3E9-D791-4C64-90F6-202357DC0DBB}.Debug|Any CPU.Build.0 = Debug|Any CPU
		{D344B3E9-D791-4C64-90F6-202357DC0DBB}.Release|Any CPU.ActiveCfg = Release|Any CPU
		{D344B3E9-D791-4C64-90F6-202357DC0DBB}.Release|Any CPU.Build.0 = Release|Any CPU
		{8FD076F9-5C1C-4609-A684-AB461ADCA7D9}.Debug|Any CPU.ActiveCfg = Debug|Any CPU
		{8FD076F9-5C1C-4609-A684-AB461ADCA7D9}.Debug|Any CPU.Build.0 = Debug|Any CPU
		{8FD076F9-5C1C-4609-A684-AB461ADCA7D9}.Release|Any CPU.ActiveCfg = Release|Any CPU
		{8FD076F9-5C1C-4609-A684-AB461ADCA7D9}.Release|Any CPU.Build.0 = Release|Any CPU
	EndGlobalSection
	GlobalSection(SolutionProperties) = preSolution
		HideSolutionNode = FALSE
	EndGlobalSection
	GlobalSection(ExtensibilityGlobals) = postSolution
		SolutionGuid = {9487C73B-A2BA-402C-8DAF-CE20CB21FAD6}
	EndGlobalSection
EndGlobal
