
Microsoft Visual Studio Solution File, Format Version 12.00
# Visual Studio Version 16
VisualStudioVersion = 16.0.31112.23
MinimumVisualStudioVersion = 10.0.40219.1
Project("{9A19103F-16F7-4668-BE54-9A1E7A4F7556}") = "Task06", "Task06\Task06.csproj", "{FF9DBB44-284A-4458-A4F7-8E02DF05A8F6}"
EndProject
Project("{9A19103F-16F7-4668-BE54-9A1E7A4F7556}") = "TestProjectTask06", "TestProjectTask06\TestProjectTask06.csproj", "{FC0B0E56-7C45-4E99-B8C0-9EA58650204A}"
EndProject
Global
	GlobalSection(SolutionConfigurationPlatforms) = preSolution
		Debug|Any CPU = Debug|Any CPU
		Release|Any CPU = Release|Any CPU
	EndGlobalSection
	GlobalSection(ProjectConfigurationPlatforms) = postSolution
		{FF9DBB44-284A-4458-A4F7-8E02DF05A8F6}.Debug|Any CPU.ActiveCfg = Debug|Any CPU
		{FF9DBB44-284A-4458-A4F7-8E02DF05A8F6}.Debug|Any CPU.Build.0 = Debug|Any CPU
		{FF9DBB44-284A-4458-A4F7-8E02DF05A8F6}.Release|Any CPU.ActiveCfg = Release|Any CPU
		{FF9DBB44-284A-4458-A4F7-8E02DF05A8F6}.Release|Any CPU.Build.0 = Release|Any CPU
		{FC0B0E56-7C45-4E99-B8C0-9EA58650204A}.Debug|Any CPU.ActiveCfg = Debug|Any CPU
		{FC0B0E56-7C45-4E99-B8C0-9EA58650204A}.Debug|Any CPU.Build.0 = Debug|Any CPU
		{FC0B0E56-7C45-4E99-B8C0-9EA58650204A}.Release|Any CPU.ActiveCfg = Release|Any CPU
		{FC0B0E56-7C45-4E99-B8C0-9EA58650204A}.Release|Any CPU.Build.0 = Release|Any CPU
	EndGlobalSection
	GlobalSection(SolutionProperties) = preSolution
		HideSolutionNode = FALSE
	EndGlobalSection
	GlobalSection(ExtensibilityGlobals) = postSolution
		SolutionGuid = {9487C73B-A2BA-402C-8DAF-CE20CB21FAD6}
	EndGlobalSection
EndGlobal
